
Microsoft Visual Studio Solution File, Format Version 12.00
# Visual Studio 14
VisualStudioVersion = 14.0.24720.0
MinimumVisualStudioVersion = 10.0.40219.1
Project("{2150E333-8FDC-42A3-9474-1A3956D46DE8}") = "src", "src", "{6882AA0F-683A-4660-BF39-F9F00CC351DD}"
EndProject
Project("{2150E333-8FDC-42A3-9474-1A3956D46DE8}") = "tests", "tests", "{F0C3B07C-A7E1-48AA-911B-35CE49323A36}"
EndProject
Project("{2150E333-8FDC-42A3-9474-1A3956D46DE8}") = ".nuget", ".nuget", "{73798C80-EB18-442B-9ACD-56A863B942E4}"
	ProjectSection(SolutionItems) = preProject
		.nuget\packages.config = .nuget\packages.config
	EndProjectSection
EndProject
Project("{FAE04EC0-301F-11D3-BF4B-00C04F79EFBC}") = "Shock", "src\Shock\Shock.csproj", "{CCC7A1AF-EF6D-4B5D-9C41-465F24A0900A}"
EndProject
Project("{FAE04EC0-301F-11D3-BF4B-00C04F79EFBC}") = "Shock.Test.Unit", "tests\Shock.Test.Unit\Shock.Test.Unit.csproj", "{AADB29DB-1E47-4FF2-8485-E01AD3B4E82B}"
EndProject
Global
	GlobalSection(SolutionConfigurationPlatforms) = preSolution
		Debug|Any CPU = Debug|Any CPU
		Release|Any CPU = Release|Any CPU
	EndGlobalSection
	GlobalSection(ProjectConfigurationPlatforms) = postSolution
		{CCC7A1AF-EF6D-4B5D-9C41-465F24A0900A}.Debug|Any CPU.ActiveCfg = Debug|Any CPU
		{CCC7A1AF-EF6D-4B5D-9C41-465F24A0900A}.Debug|Any CPU.Build.0 = Debug|Any CPU
		{CCC7A1AF-EF6D-4B5D-9C41-465F24A0900A}.Release|Any CPU.ActiveCfg = Release|Any CPU
		{CCC7A1AF-EF6D-4B5D-9C41-465F24A0900A}.Release|Any CPU.Build.0 = Release|Any CPU
		{AADB29DB-1E47-4FF2-8485-E01AD3B4E82B}.Debug|Any CPU.ActiveCfg = Debug|Any CPU
		{AADB29DB-1E47-4FF2-8485-E01AD3B4E82B}.Debug|Any CPU.Build.0 = Debug|Any CPU
		{AADB29DB-1E47-4FF2-8485-E01AD3B4E82B}.Release|Any CPU.ActiveCfg = Release|Any CPU
		{AADB29DB-1E47-4FF2-8485-E01AD3B4E82B}.Release|Any CPU.Build.0 = Release|Any CPU
	EndGlobalSection
	GlobalSection(SolutionProperties) = preSolution
		HideSolutionNode = FALSE
	EndGlobalSection
	GlobalSection(NestedProjects) = preSolution
		{CCC7A1AF-EF6D-4B5D-9C41-465F24A0900A} = {6882AA0F-683A-4660-BF39-F9F00CC351DD}
		{AADB29DB-1E47-4FF2-8485-E01AD3B4E82B} = {F0C3B07C-A7E1-48AA-911B-35CE49323A36}
	EndGlobalSection
EndGlobal
